<?xml version="1.0" encoding="utf-8"?>
<Project ToolsVersion="4.0" xmlns="http://schemas.microsoft.com/developer/msbuild/2003">
  <ItemGroup>
    <Filter Include="Fichiers sources">
      <UniqueIdentifier>{4FC737F1-C7A5-4376-A066-2A32D752A2FF}</UniqueIdentifier>
      <Extensions>cpp;c;cc;cxx;def;odl;idl;hpj;bat;asm;asmx</Extensions>
    </Filter>
    <Filter Include="Fichiers d%27en-tête">
      <UniqueIdentifier>{93995380-89BD-4b04-88EB-625FBE52EBFB}</UniqueIdentifier>
      <Extensions>h;hh;hpp;hxx;hm;inl;inc;ipp;xsd</Extensions>
    </Filter>
    <Filter Include="Fichiers de ressources">
      <UniqueIdentifier>{67DA6AB6-F800-4c08-8B7A-83BB121AAD01}</UniqueIdentifier>
      <Extensions>rc;ico;cur;bmp;dlg;rc2;rct;bin;rgs;gif;jpg;jpeg;jpe;resx;tiff;tif;png;wav;mfcribbon-ms</Extensions>
    </Filter>
    <Filter Include="Fichiers sources\Composantes de scene">
      <UniqueIdentifier>{808a2e83-4283-4cf7-a879-7c86524f311a}</UniqueIdentifier>
    </Filter>
    <Filter Include="Fichiers sources\Outils">
      <UniqueIdentifier>{c593cf9e-e21c-4cde-9f81-e4407c31f294}</UniqueIdentifier>
    </Filter>
  </ItemGroup>
  <ItemGroup>
    <ClInclude Include="pch.h">
      <Filter>Fichiers d%27en-tête</Filter>
    </ClInclude>
    <ClInclude Include="Scene.hpp">
      <Filter>Fichiers sources\Composantes de scene</Filter>
    </ClInclude>
    <ClInclude Include="Vec3.hpp">
      <Filter>Fichiers sources\Outils</Filter>
    </ClInclude>
    <ClInclude Include="Entite.hpp">
      <Filter>Fichiers sources\Composantes de scene</Filter>
    </ClInclude>
    <ClInclude Include="Sphere.hpp">
      <Filter>Fichiers sources\Composantes de scene</Filter>
    </ClInclude>
    <ClInclude Include="FonctionDiverses.hpp">
      <Filter>Fichiers sources\Outils</Filter>
    </ClInclude>
    <ClInclude Include="Light.hpp">
      <Filter>Fichiers sources\Composantes de scene</Filter>
    </ClInclude>
    <ClInclude Include="Vec4.hpp">
      <Filter>Fichiers sources\Outils</Filter>
    </ClInclude>
    <ClInclude Include="Point.hpp">
      <Filter>Fichiers sources\Outils</Filter>
    </ClInclude>
    <ClInclude Include="Point4.hpp">
      <Filter>Fichiers sources\Outils</Filter>
    </ClInclude>
    <ClInclude Include="Ray.hpp">
      <Filter>Fichiers sources\Outils</Filter>
    </ClInclude>
  </ItemGroup>
  <ItemGroup>
    <ClCompile Include="pch.cpp">
      <Filter>Fichiers sources</Filter>
    </ClCompile>
    <ClCompile Include="RayTracing.cpp">
      <Filter>Fichiers sources</Filter>
    </ClCompile>
  </ItemGroup>
  <ItemGroup>
    <Text Include="scene.txt">
      <Filter>Fichiers sources</Filter>
    </Text>
  </ItemGroup>
</Project>